Microsoft Visual Studio Solution File, Format Version 11.00
# Visual Studio 2008

Project("{75620EF0-74F0-1246-7972-3DA6DCB8F34A}") = "ShapeFight", "Assembly-CSharp-firstpass.csproj", "{E74FDE38-A43A-B413-BA7E-DDAE95EAB14A}"
EndProject
Project("{75620EF0-74F0-1246-7972-3DA6DCB8F34A}") = "ShapeFight", "Assembly-UnityScript-firstpass.unityproj", "{E60EE827-CD9D-5A2A-379A-93A5D8A79A8B}"
EndProject
Project("{75620EF0-74F0-1246-7972-3DA6DCB8F34A}") = "ShapeFight", "Assembly-UnityScript.unityproj", "{3A58FDDD-769D-FCCF-C03B-3535FC7130D0}"
EndProject
Project("{75620EF0-74F0-1246-7972-3DA6DCB8F34A}") = "ShapeFight", "Assembly-UnityScript-Editor.unityproj", "{10273A3E-CF7D-FDAE-EEAC-C71AFEB3A0D0}"
EndProject
Global
	GlobalSection(SolutionConfigurationPlatforms) = preSolution
		Debug|Any CPU = Debug|Any CPU
		Release|Any CPU = Release|Any CPU
	EndGlobalSection
	GlobalSection(ProjectConfigurationPlatforms) = postSolution
		{E74FDE38-A43A-B413-BA7E-DDAE95EAB14A}.Debug|Any CPU.ActiveCfg = Debug|Any CPU
		{E74FDE38-A43A-B413-BA7E-DDAE95EAB14A}.Debug|Any CPU.Build.0 = Debug|Any CPU
		{E74FDE38-A43A-B413-BA7E-DDAE95EAB14A}.Release|Any CPU.ActiveCfg = Release|Any CPU
		{E74FDE38-A43A-B413-BA7E-DDAE95EAB14A}.Release|Any CPU.Build.0 = Release|Any CPU
		{E60EE827-CD9D-5A2A-379A-93A5D8A79A8B}.Debug|Any CPU.ActiveCfg = Debug|Any CPU
		{E60EE827-CD9D-5A2A-379A-93A5D8A79A8B}.Debug|Any CPU.Build.0 = Debug|Any CPU
		{E60EE827-CD9D-5A2A-379A-93A5D8A79A8B}.Release|Any CPU.ActiveCfg = Release|Any CPU
		{E60EE827-CD9D-5A2A-379A-93A5D8A79A8B}.Release|Any CPU.Build.0 = Release|Any CPU
		{3A58FDDD-769D-FCCF-C03B-3535FC7130D0}.Debug|Any CPU.ActiveCfg = Debug|Any CPU
		{3A58FDDD-769D-FCCF-C03B-3535FC7130D0}.Debug|Any CPU.Build.0 = Debug|Any CPU
		{3A58FDDD-769D-FCCF-C03B-3535FC7130D0}.Release|Any CPU.ActiveCfg = Release|Any CPU
		{3A58FDDD-769D-FCCF-C03B-3535FC7130D0}.Release|Any CPU.Build.0 = Release|Any CPU
		{10273A3E-CF7D-FDAE-EEAC-C71AFEB3A0D0}.Debug|Any CPU.ActiveCfg = Debug|Any CPU
		{10273A3E-CF7D-FDAE-EEAC-C71AFEB3A0D0}.Debug|Any CPU.Build.0 = Debug|Any CPU
		{10273A3E-CF7D-FDAE-EEAC-C71AFEB3A0D0}.Release|Any CPU.ActiveCfg = Release|Any CPU
		{10273A3E-CF7D-FDAE-EEAC-C71AFEB3A0D0}.Release|Any CPU.Build.0 = Release|Any CPU
	EndGlobalSection
	GlobalSection(SolutionProperties) = preSolution
		HideSolutionNode = FALSE
	EndGlobalSection
																																																																																																																																																																											GlobalSection(MonoDevelopProperties) = preSolution
		StartupItem = Assembly-CSharp.csproj
		Policies = $0
		$0.TextStylePolicy = $1
		$1.inheritsSet = null
		$1.scope = text/x-csharp
		$0.CSharpFormattingPolicy = $2
		$2.inheritsSet = Mono
		$2.inheritsScope = text/x-csharp
		$2.scope = text/x-csharp
		$0.TextStylePolicy = $3
		$3.FileWidth = 120
		$3.TabWidth = 4
		$3.EolMarker = Unix
		$3.inheritsSet = Mono
		$3.inheritsScope = text/plain
		$3.scope = text/plain
	EndGlobalSection

EndGlobal
